
Microsoft Visual Studio Solution File, Format Version 12.00
# Visual Studio Version 17
VisualStudioVersion = 17.6.33815.320
MinimumVisualStudioVersion = 10.0.40219.1
Project("{9A19103F-16F7-4668-BE54-9A1E7A4F7556}") = "ShoppingCart", "ShoppingCart\ShoppingCart.csproj", "{030EFC24-7B62-4820-8ED7-F3940F8E40D5}"
EndProject
Project("{FAE04EC0-301F-11D3-BF4B-00C04F79EFBC}") = "Test_ShopCart", "Test_ShopCart\Test_ShopCart.csproj", "{1979AA31-5EB5-406A-A625-60412F8C3407}"
EndProject
Global
	GlobalSection(SolutionConfigurationPlatforms) = preSolution
		Debug|Any CPU = Debug|Any CPU
		Release|Any CPU = Release|Any CPU
	EndGlobalSection
	GlobalSection(ProjectConfigurationPlatforms) = postSolution
		{030EFC24-7B62-4820-8ED7-F3940F8E40D5}.Debug|Any CPU.ActiveCfg = Debug|Any CPU
		{030EFC24-7B62-4820-8ED7-F3940F8E40D5}.Debug|Any CPU.Build.0 = Debug|Any CPU
		{030EFC24-7B62-4820-8ED7-F3940F8E40D5}.Release|Any CPU.ActiveCfg = Release|Any CPU
		{030EFC24-7B62-4820-8ED7-F3940F8E40D5}.Release|Any CPU.Build.0 = Release|Any CPU
		{1979AA31-5EB5-406A-A625-60412F8C3407}.Debug|Any CPU.ActiveCfg = Debug|Any CPU
		{1979AA31-5EB5-406A-A625-60412F8C3407}.Debug|Any CPU.Build.0 = Debug|Any CPU
		{1979AA31-5EB5-406A-A625-60412F8C3407}.Release|Any CPU.ActiveCfg = Release|Any CPU
		{1979AA31-5EB5-406A-A625-60412F8C3407}.Release|Any CPU.Build.0 = Release|Any CPU
	EndGlobalSection
	GlobalSection(SolutionProperties) = preSolution
		HideSolutionNode = FALSE
	EndGlobalSection
	GlobalSection(ExtensibilityGlobals) = postSolution
		SolutionGuid = {FFC69A8B-A484-4849-91EE-0975B67C6969}
	EndGlobalSection
EndGlobal
